Microsoft Visual Studio Solution File, Format Version 12.00
# Visual Studio Version 17
VisualStudioVersion = 17.13.35931.197
MinimumVisualStudioVersion = 10.0.40219.1
Project("{FAE04EC0-301F-11D3-BF4B-00C04F79EFBC}") = "ExcelTextReplacer", "ExcelTextReplacer.csproj", "{7B5417B6-1848-4B47-8420-09F7A7A2A650}"
EndProject
Global
	GlobalSection(SolutionConfigurationPlatforms) = preSolution
		Debug|Any CPU = Debug|Any CPU
		Release|Any CPU = Release|Any CPU
	EndGlobalSection
	GlobalSection(ProjectConfigurationPlatforms) = postSolution
		{7B5417B6-1848-4B47-8420-09F7A7A2A650}.Debug|Any CPU.ActiveCfg = Debug|Any CPU
		{7B5417B6-1848-4B47-8420-09F7A7A2A650}.Debug|Any CPU.Build.0 = Debug|Any CPU
		{7B5417B6-1848-4B47-8420-09F7A7A2A650}.Release|Any CPU.ActiveCfg = Release|Any CPU
		{7B5417B6-1848-4B47-8420-09F7A7A2A650}.Release|Any CPU.Build.0 = Release|Any CPU
	EndGlobalSection
	GlobalSection(SolutionProperties) = preSolution
		HideSolutionNode = FALSE
	EndGlobalSection
	GlobalSection(ExtensibilityGlobals) = postSolution
		SolutionGuid = {0ED6A8AA-4BD2-4080-B5B8-BD9E9DE58536}
	EndGlobalSection
EndGlobal
